
Microsoft Visual Studio Solution File, Format Version 12.00
# Visual Studio Version 16
VisualStudioVersion = 16.0.31229.75
MinimumVisualStudioVersion = 10.0.40219.1
Project("{FAE04EC0-301F-11D3-BF4B-00C04F79EFBC}") = "Pi_Api", "Pi_Api.csproj", "{7AE43320-9BCA-4032-87E0-FD2F2FC9B908}"
EndProject
Project("{2150E333-8FDC-42A3-9474-1A3956D46DE8}") = "1.Api", "1.Api", "{84BBED02-06B9-46FB-8DFC-75EB231C1213}"
EndProject
Project("{2150E333-8FDC-42A3-9474-1A3956D46DE8}") = "2.Model", "2.Model", "{CAD5B97D-D2BB-4E6C-98C2-AB2D0C7CE7EB}"
EndProject
Project("{FAE04EC0-301F-11D3-BF4B-00C04F79EFBC}") = "Model", "..\Model\Model.csproj", "{82B60F27-F9AC-40B1-873B-9F7B94EECBE5}"
EndProject
Project("{2150E333-8FDC-42A3-9474-1A3956D46DE8}") = "3.Repository", "3.Repository", "{99F0CD0D-AC90-4172-BBD5-2A182A3008C5}"
EndProject
Project("{FAE04EC0-301F-11D3-BF4B-00C04F79EFBC}") = "IRepository", "..\CompanyManageIRepository\IRepository.csproj", "{29F2E220-7315-431A-858B-FD9054A97C46}"
EndProject
Project("{FAE04EC0-301F-11D3-BF4B-00C04F79EFBC}") = "Repository", "..\CompanyManageRepository\Repository.csproj", "{C9990290-D5DB-4B80-98B2-838CEACB8F0B}"
EndProject
Project("{2150E333-8FDC-42A3-9474-1A3956D46DE8}") = "4.Services", "4.Services", "{DEED6841-6AAF-47F2-BA62-F778C5D8E72E}"
EndProject
Project("{FAE04EC0-301F-11D3-BF4B-00C04F79EFBC}") = "IServices", "..\IServices\IServices.csproj", "{AEA17DA3-9E39-436B-A80C-C9AAF985587F}"
EndProject
Project("{FAE04EC0-301F-11D3-BF4B-00C04F79EFBC}") = "Services", "..\Services\Services.csproj", "{B2ADF6ED-FDF0-478A-9DDA-8A13D2058DEE}"
EndProject
Global
	GlobalSection(SolutionConfigurationPlatforms) = preSolution
		Debug|Any CPU = Debug|Any CPU
		Release|Any CPU = Release|Any CPU
	EndGlobalSection
	GlobalSection(ProjectConfigurationPlatforms) = postSolution
		{7AE43320-9BCA-4032-87E0-FD2F2FC9B908}.Debug|Any CPU.ActiveCfg = Debug|Any CPU
		{7AE43320-9BCA-4032-87E0-FD2F2FC9B908}.Debug|Any CPU.Build.0 = Debug|Any CPU
		{7AE43320-9BCA-4032-87E0-FD2F2FC9B908}.Release|Any CPU.ActiveCfg = Release|Any CPU
		{7AE43320-9BCA-4032-87E0-FD2F2FC9B908}.Release|Any CPU.Build.0 = Release|Any CPU
		{82B60F27-F9AC-40B1-873B-9F7B94EECBE5}.Debug|Any CPU.ActiveCfg = Debug|Any CPU
		{82B60F27-F9AC-40B1-873B-9F7B94EECBE5}.Debug|Any CPU.Build.0 = Debug|Any CPU
		{82B60F27-F9AC-40B1-873B-9F7B94EECBE5}.Release|Any CPU.ActiveCfg = Release|Any CPU
		{82B60F27-F9AC-40B1-873B-9F7B94EECBE5}.Release|Any CPU.Build.0 = Release|Any CPU
		{29F2E220-7315-431A-858B-FD9054A97C46}.Debug|Any CPU.ActiveCfg = Debug|Any CPU
		{29F2E220-7315-431A-858B-FD9054A97C46}.Debug|Any CPU.Build.0 = Debug|Any CPU
		{29F2E220-7315-431A-858B-FD9054A97C46}.Release|Any CPU.ActiveCfg = Release|Any CPU
		{29F2E220-7315-431A-858B-FD9054A97C46}.Release|Any CPU.Build.0 = Release|Any CPU
		{C9990290-D5DB-4B80-98B2-838CEACB8F0B}.Debug|Any CPU.ActiveCfg = Debug|Any CPU
		{C9990290-D5DB-4B80-98B2-838CEACB8F0B}.Debug|Any CPU.Build.0 = Debug|Any CPU
		{C9990290-D5DB-4B80-98B2-838CEACB8F0B}.Release|Any CPU.ActiveCfg = Release|Any CPU
		{C9990290-D5DB-4B80-98B2-838CEACB8F0B}.Release|Any CPU.Build.0 = Release|Any CPU
		{AEA17DA3-9E39-436B-A80C-C9AAF985587F}.Debug|Any CPU.ActiveCfg = Debug|Any CPU
		{AEA17DA3-9E39-436B-A80C-C9AAF985587F}.Debug|Any CPU.Build.0 = Debug|Any CPU
		{AEA17DA3-9E39-436B-A80C-C9AAF985587F}.Release|Any CPU.ActiveCfg = Release|Any CPU
		{AEA17DA3-9E39-436B-A80C-C9AAF985587F}.Release|Any CPU.Build.0 = Release|Any CPU
		{B2ADF6ED-FDF0-478A-9DDA-8A13D2058DEE}.Debug|Any CPU.ActiveCfg = Debug|Any CPU
		{B2ADF6ED-FDF0-478A-9DDA-8A13D2058DEE}.Debug|Any CPU.Build.0 = Debug|Any CPU
		{B2ADF6ED-FDF0-478A-9DDA-8A13D2058DEE}.Release|Any CPU.ActiveCfg = Release|Any CPU
		{B2ADF6ED-FDF0-478A-9DDA-8A13D2058DEE}.Release|Any CPU.Build.0 = Release|Any CPU
	EndGlobalSection
	GlobalSection(SolutionProperties) = preSolution
		HideSolutionNode = FALSE
	EndGlobalSection
	GlobalSection(NestedProjects) = preSolution
		{7AE43320-9BCA-4032-87E0-FD2F2FC9B908} = {84BBED02-06B9-46FB-8DFC-75EB231C1213}
		{82B60F27-F9AC-40B1-873B-9F7B94EECBE5} = {CAD5B97D-D2BB-4E6C-98C2-AB2D0C7CE7EB}
		{29F2E220-7315-431A-858B-FD9054A97C46} = {99F0CD0D-AC90-4172-BBD5-2A182A3008C5}
		{C9990290-D5DB-4B80-98B2-838CEACB8F0B} = {99F0CD0D-AC90-4172-BBD5-2A182A3008C5}
		{AEA17DA3-9E39-436B-A80C-C9AAF985587F} = {DEED6841-6AAF-47F2-BA62-F778C5D8E72E}
		{B2ADF6ED-FDF0-478A-9DDA-8A13D2058DEE} = {DEED6841-6AAF-47F2-BA62-F778C5D8E72E}
	EndGlobalSection
	GlobalSection(ExtensibilityGlobals) = postSolution
		SolutionGuid = {46DB79D9-1894-4C05-91F5-5B1B1BA15CF2}
	EndGlobalSection
EndGlobal
